
Microsoft Visual Studio Solution File, Format Version 12.00
# Visual Studio Version 17
VisualStudioVersion = 17.0.32014.148
MinimumVisualStudioVersion = 10.0.40219.1
Project("{9A19103F-16F7-4668-BE54-9A1E7A4F7556}") = "ScoreKeeperWebApp", "ScoreKeeperWebApp\ScoreKeeperWebApp.csproj", "{F05B9C04-2A46-48E6-82EA-A85B179195E4}"
EndProject
Global
	GlobalSection(SolutionConfigurationPlatforms) = preSolution
		Debug|Any CPU = Debug|Any CPU
		Release|Any CPU = Release|Any CPU
	EndGlobalSection
	GlobalSection(ProjectConfigurationPlatforms) = postSolution
		{F05B9C04-2A46-48E6-82EA-A85B179195E4}.Debug|Any CPU.ActiveCfg = Debug|Any CPU
		{F05B9C04-2A46-48E6-82EA-A85B179195E4}.Debug|Any CPU.Build.0 = Debug|Any CPU
		{F05B9C04-2A46-48E6-82EA-A85B179195E4}.Release|Any CPU.ActiveCfg = Release|Any CPU
		{F05B9C04-2A46-48E6-82EA-A85B179195E4}.Release|Any CPU.Build.0 = Release|Any CPU
	EndGlobalSection
	GlobalSection(SolutionProperties) = preSolution
		HideSolutionNode = FALSE
	EndGlobalSection
	GlobalSection(ExtensibilityGlobals) = postSolution
		SolutionGuid = {BD2DF85A-6C70-4EDE-B5AD-306DE786878F}
	EndGlobalSection
EndGlobal
